// !$*UTF8*$!
{
	archiveVersion = 1;
	classes = {
	};
	objectVersion = 51;
	objects = {

/* Begin PBXBuildFile section */
		9133CE2E1939EA2885C58218 /* Pods_BreakPoint.framework in Frameworks */ = {isa = PBXBuildFile; fileRef = 30BAF0F089D3A45D1D05B449 /* Pods_BreakPoint.framework */; };
		A41E8DD023E208DA00C3287D /* AppDelegate.swift in Sources */ = {isa = PBXBuildFile; fileRef = A41E8DCF23E208DA00C3287D /* AppDelegate.swift */; };
		A41E8DD223E208DA00C3287D /* SceneDelegate.swift in Sources */ = {isa = PBXBuildFile; fileRef = A41E8DD123E208DA00C3287D /* SceneDelegate.swift */; };
		A41E8DD423E208DA00C3287D /* FeedVC.swift in Sources */ = {isa = PBXBuildFile; fileRef = A41E8DD323E208DA00C3287D /* FeedVC.swift */; };
		A41E8DD623E208DA00C3287D /* GroupsVC.swift in Sources */ = {isa = PBXBuildFile; fileRef = A41E8DD523E208DA00C3287D /* GroupsVC.swift */; };
		A41E8DD923E208DA00C3287D /* Main.storyboard in Resources */ = {isa = PBXBuildFile; fileRef = A41E8DD723E208DA00C3287D /* Main.storyboard */; };
		A41E8DDB23E208E000C3287D /* Assets.xcassets in Resources */ = {isa = PBXBuildFile; fileRef = A41E8DDA23E208E000C3287D /* Assets.xcassets */; };
		A41E8DDE23E208E000C3287D /* LaunchScreen.storyboard in Resources */ = {isa = PBXBuildFile; fileRef = A41E8DDC23E208E000C3287D /* LaunchScreen.storyboard */; };
		A41E8DEB23E20BE900C3287D /* GoogleService-Info.plist in Resources */ = {isa = PBXBuildFile; fileRef = A41E8DEA23E20BE900C3287D /* GoogleService-Info.plist */; };
		A41E8DED23E217F000C3287D /* DataService.swift in Sources */ = {isa = PBXBuildFile; fileRef = A41E8DEC23E217F000C3287D /* DataService.swift */; };
		A44C6DBD23EB007600CB6166 /* UserCell.swift in Sources */ = {isa = PBXBuildFile; fileRef = A44C6DBC23EB007600CB6166 /* UserCell.swift */; };
		A47EB0CE23E46A5C00F44399 /* AuthService.swift in Sources */ = {isa = PBXBuildFile; fileRef = A47EB0CD23E46A5C00F44399 /* AuthService.swift */; };
		A47EB0D023E5CE3D00F44399 /* MeVC.swift in Sources */ = {isa = PBXBuildFile; fileRef = A47EB0CF23E5CE3D00F44399 /* MeVC.swift */; };
		A47EB0D223E5D78D00F44399 /* CreatePostVC.swift in Sources */ = {isa = PBXBuildFile; fileRef = A47EB0D123E5D78D00F44399 /* CreatePostVC.swift */; };
		A47EB0D623E6722A00F44399 /* UIViewExt.swift in Sources */ = {isa = PBXBuildFile; fileRef = A47EB0D523E6722A00F44399 /* UIViewExt.swift */; };
		A47EB0D823E85BC000F44399 /* FeedCell.swift in Sources */ = {isa = PBXBuildFile; fileRef = A47EB0D723E85BC000F44399 /* FeedCell.swift */; };
		A47EB0DA23E85CE300F44399 /* Message.swift in Sources */ = {isa = PBXBuildFile; fileRef = A47EB0D923E85CE300F44399 /* Message.swift */; };
		A47EB0DD23E8A5EC00F44399 /* MessageReload.swift in Sources */ = {isa = PBXBuildFile; fileRef = A47EB0DC23E8A5EC00F44399 /* MessageReload.swift */; };
		A47EB0F423E9B2F700F44399 /* CreateGroupsVC.swift in Sources */ = {isa = PBXBuildFile; fileRef = A47EB0F323E9B2F700F44399 /* CreateGroupsVC.swift */; };
		A4940F1023E38C38009AFF74 /* AuthVC.swift in Sources */ = {isa = PBXBuildFile; fileRef = A4940F0F23E38C38009AFF74 /* AuthVC.swift */; };
		A4940F1223E38C59009AFF74 /* LoginVC.swift in Sources */ = {isa = PBXBuildFile; fileRef = A4940F1123E38C59009AFF74 /* LoginVC.swift */; };
		A4940F1423E38C95009AFF74 /* InsetTextField.swift in Sources */ = {isa = PBXBuildFile; fileRef = A4940F1323E38C95009AFF74 /* InsetTextField.swift */; };
		A4940F1623E38FCA009AFF74 /* ShadowView.swift in Sources */ = {isa = PBXBuildFile; fileRef = A4940F1523E38FCA009AFF74 /* ShadowView.swift */; };
/* End PBXBuildFile section */

/* Begin PBXFileReference section */
		048F5F1373EAF2AD692314B8 /* Pods-BreakPoint.release.xcconfig */ = {isa = PBXFileReference; includeInIndex = 1; lastKnownFileType = text.xcconfig; name = "Pods-BreakPoint.release.xcconfig"; path = "Target Support Files/Pods-BreakPoint/Pods-BreakPoint.release.xcconfig"; sourceTree = "<group>"; };
		30BAF0F089D3A45D1D05B449 /* Pods_BreakPoint.framework */ = {isa = PBXFileReference; explicitFileType = wrapper.framework; includeInIndex = 0; path = Pods_BreakPoint.framework; sourceTree = BUILT_PRODUCTS_DIR; };
		9DECEF3AADD33AA2B3CC7FAC /* Pods-BreakPoint.debug.xcconfig */ = {isa = PBXFileReference; includeInIndex = 1; lastKnownFileType = text.xcconfig; name = "Pods-BreakPoint.debug.xcconfig"; path = "Target Support Files/Pods-BreakPoint/Pods-BreakPoint.debug.xcconfig"; sourceTree = "<group>"; };
		A41E8DCC23E208DA00C3287D /* BreakPoint.app */ = {isa = PBXFileReference; explicitFileType = wrapper.application; includeInIndex = 0; path = BreakPoint.app; sourceTree = BUILT_PRODUCTS_DIR; };
		A41E8DCF23E208DA00C3287D /* AppDelegate.swift */ = {isa = PBXFileReference; lastKnownFileType = sourcecode.swift; path = AppDelegate.swift; sourceTree = "<group>"; };
		A41E8DD123E208DA00C3287D /* SceneDelegate.swift */ = {isa = PBXFileReference; lastKnownFileType = sourcecode.swift; path = SceneDelegate.swift; sourceTree = "<group>"; };
		A41E8DD323E208DA00C3287D /* FeedVC.swift */ = {isa = PBXFileReference; lastKnownFileType = sourcecode.swift; path = FeedVC.swift; sourceTree = "<group>"; };
		A41E8DD523E208DA00C3287D /* GroupsVC.swift */ = {isa = PBXFileReference; lastKnownFileType = sourcecode.swift; path = GroupsVC.swift; sourceTree = "<group>"; };
		A41E8DD823E208DA00C3287D /* Base */ = {isa = PBXFileReference; lastKnownFileType = file.storyboard; name = Base; path = Base.lproj/Main.storyboard; sourceTree = "<group>"; };
		A41E8DDA23E208E000C3287D /* Assets.xcassets */ = {isa = PBXFileReference; lastKnownFileType = folder.assetcatalog; path = Assets.xcassets; sourceTree = "<group>"; };
		A41E8DDD23E208E000C3287D /* Base */ = {isa = PBXFileReference; lastKnownFileType = file.storyboard; name = Base; path = Base.lproj/LaunchScreen.storyboard; sourceTree = "<group>"; };
		A41E8DDF23E208E000C3287D /* Info.plist */ = {isa = PBXFileReference; lastKnownFileType = text.plist.xml; path = Info.plist; sourceTree = "<group>"; };
		A41E8DEA23E20BE900C3287D /* GoogleService-Info.plist */ = {isa = PBXFileReference; fileEncoding = 4; lastKnownFileType = text.plist.xml; path = "GoogleService-Info.plist"; sourceTree = "<group>"; };
		A41E8DEC23E217F000C3287D /* DataService.swift */ = {isa = PBXFileReference; lastKnownFileType = sourcecode.swift; path = DataService.swift; sourceTree = "<group>"; };
		A44C6DBC23EB007600CB6166 /* UserCell.swift */ = {isa = PBXFileReference; lastKnownFileType = sourcecode.swift; path = UserCell.swift; sourceTree = "<group>"; };
		A47EB0CD23E46A5C00F44399 /* AuthService.swift */ = {isa = PBXFileReference; lastKnownFileType = sourcecode.swift; path = AuthService.swift; sourceTree = "<group>"; };
		A47EB0CF23E5CE3D00F44399 /* MeVC.swift */ = {isa = PBXFileReference; lastKnownFileType = sourcecode.swift; path = MeVC.swift; sourceTree = "<group>"; };
		A47EB0D123E5D78D00F44399 /* CreatePostVC.swift */ = {isa = PBXFileReference; lastKnownFileType = sourcecode.swift; path = CreatePostVC.swift; sourceTree = "<group>"; };
		A47EB0D523E6722A00F44399 /* UIViewExt.swift */ = {isa = PBXFileReference; lastKnownFileType = sourcecode.swift; path = UIViewExt.swift; sourceTree = "<group>"; };
		A47EB0D723E85BC000F44399 /* FeedCell.swift */ = {isa = PBXFileReference; lastKnownFileType = sourcecode.swift; path = FeedCell.swift; sourceTree = "<group>"; };
		A47EB0D923E85CE300F44399 /* Message.swift */ = {isa = PBXFileReference; lastKnownFileType = sourcecode.swift; path = Message.swift; sourceTree = "<group>"; };
		A47EB0DC23E8A5EC00F44399 /* MessageReload.swift */ = {isa = PBXFileReference; lastKnownFileType = sourcecode.swift; path = MessageReload.swift; sourceTree = "<group>"; };
		A47EB0F323E9B2F700F44399 /* CreateGroupsVC.swift */ = {isa = PBXFileReference; lastKnownFileType = sourcecode.swift; path = CreateGroupsVC.swift; sourceTree = "<group>"; };
		A4940F0F23E38C38009AFF74 /* AuthVC.swift */ = {isa = PBXFileReference; lastKnownFileType = sourcecode.swift; path = AuthVC.swift; sourceTree = "<group>"; };
		A4940F1123E38C59009AFF74 /* LoginVC.swift */ = {isa = PBXFileReference; lastKnownFileType = sourcecode.swift; path = LoginVC.swift; sourceTree = "<group>"; };
		A4940F1323E38C95009AFF74 /* InsetTextField.swift */ = {isa = PBXFileReference; lastKnownFileType = sourcecode.swift; path = InsetTextField.swift; sourceTree = "<group>"; };
		A4940F1523E38FCA009AFF74 /* ShadowView.swift */ = {isa = PBXFileReference; lastKnownFileType = sourcecode.swift; path = ShadowView.swift; sourceTree = "<group>"; };
/* End PBXFileReference section */

/* Begin PBXFrameworksBuildPhase section */
		A41E8DC923E208DA00C3287D /* Frameworks */ = {
			isa = PBXFrameworksBuildPhase;
			buildActionMask = 2147483647;
			files = (
				9133CE2E1939EA2885C58218 /* Pods_BreakPoint.framework in Frameworks */,
			);
			runOnlyForDeploymentPostprocessing = 0;
		};
/* End PBXFrameworksBuildPhase section */

/* Begin PBXGroup section */
		486E55CD7756DA618746E221 /* Pods */ = {
			isa = PBXGroup;
			children = (
				9DECEF3AADD33AA2B3CC7FAC /* Pods-BreakPoint.debug.xcconfig */,
				048F5F1373EAF2AD692314B8 /* Pods-BreakPoint.release.xcconfig */,
			);
			path = Pods;
			sourceTree = "<group>";
		};
		55677BEC670130957FF70886 /* Frameworks */ = {
			isa = PBXGroup;
			children = (
				30BAF0F089D3A45D1D05B449 /* Pods_BreakPoint.framework */,
			);
			name = Frameworks;
			sourceTree = "<group>";
		};
		A41E8DC323E208D900C3287D = {
			isa = PBXGroup;
			children = (
				A41E8DCE23E208DA00C3287D /* BreakPoint */,
				A41E8DCD23E208DA00C3287D /* Products */,
				486E55CD7756DA618746E221 /* Pods */,
				55677BEC670130957FF70886 /* Frameworks */,
			);
			sourceTree = "<group>";
		};
		A41E8DCD23E208DA00C3287D /* Products */ = {
			isa = PBXGroup;
			children = (
				A41E8DCC23E208DA00C3287D /* BreakPoint.app */,
			);
			name = Products;
			sourceTree = "<group>";
		};
		A41E8DCE23E208DA00C3287D /* BreakPoint */ = {
			isa = PBXGroup;
			children = (
				A47EB0DB23E8A5D700F44399 /* Delegate */,
				A41E8DE923E209BA00C3287D /* Services */,
				A41E8DE823E2098F00C3287D /* Extension */,
				A41E8DE723E2098000C3287D /* Model */,
				A41E8DE623E2097900C3287D /* View */,
				A41E8DE523E2095400C3287D /* Controller */,
				A41E8DDA23E208E000C3287D /* Assets.xcassets */,
				A41E8DCF23E208DA00C3287D /* AppDelegate.swift */,
				A41E8DD123E208DA00C3287D /* SceneDelegate.swift */,
				A41E8DD723E208DA00C3287D /* Main.storyboard */,
				A41E8DDC23E208E000C3287D /* LaunchScreen.storyboard */,
				A41E8DDF23E208E000C3287D /* Info.plist */,
				A41E8DEA23E20BE900C3287D /* GoogleService-Info.plist */,
			);
			path = BreakPoint;
			sourceTree = "<group>";
		};
		A41E8DE523E2095400C3287D /* Controller */ = {
			isa = PBXGroup;
			children = (
				A4940F1123E38C59009AFF74 /* LoginVC.swift */,
				A4940F0F23E38C38009AFF74 /* AuthVC.swift */,
				A41E8DD323E208DA00C3287D /* FeedVC.swift */,
				A41E8DD523E208DA00C3287D /* GroupsVC.swift */,
				A47EB0CF23E5CE3D00F44399 /* MeVC.swift */,
				A47EB0D123E5D78D00F44399 /* CreatePostVC.swift */,
				A47EB0F323E9B2F700F44399 /* CreateGroupsVC.swift */,
			);
			path = Controller;
			sourceTree = "<group>";
		};
		A41E8DE623E2097900C3287D /* View */ = {
			isa = PBXGroup;
			children = (
				A4940F1323E38C95009AFF74 /* InsetTextField.swift */,
				A4940F1523E38FCA009AFF74 /* ShadowView.swift */,
				A47EB0D523E6722A00F44399 /* UIViewExt.swift */,
				A47EB0D723E85BC000F44399 /* FeedCell.swift */,
				A44C6DBC23EB007600CB6166 /* UserCell.swift */,
			);
			path = View;
			sourceTree = "<group>";
		};
		A41E8DE723E2098000C3287D /* Model */ = {
			isa = PBXGroup;
			children = (
				A47EB0D923E85CE300F44399 /* Message.swift */,
			);
			path = Model;
			sourceTree = "<group>";
		};
		A41E8DE823E2098F00C3287D /* Extension */ = {
			isa = PBXGroup;
			children = (
			);
			path = Extension;
			sourceTree = "<group>";
		};
		A41E8DE923E209BA00C3287D /* Services */ = {
			isa = PBXGroup;
			children = (
				A41E8DEC23E217F000C3287D /* DataService.swift */,
				A47EB0CD23E46A5C00F44399 /* AuthService.swift */,
			);
			path = Services;
			sourceTree = "<group>";
		};
		A47EB0DB23E8A5D700F44399 /* Delegate */ = {
			isa = PBXGroup;
			children = (
				A47EB0DC23E8A5EC00F44399 /* MessageReload.swift */,
			);
			path = Delegate;
			sourceTree = "<group>";
		};
/* End PBXGroup section */

/* Begin PBXNativeTarget section */
		A41E8DCB23E208DA00C3287D /* BreakPoint */ = {
			isa = PBXNativeTarget;
			buildConfigurationList = A41E8DE223E208E000C3287D /* Build configuration list for PBXNativeTarget "BreakPoint" */;
			buildPhases = (
				E31715FF84EB0C815EA00F00 /* [CP] Check Pods Manifest.lock */,
				A41E8DC823E208DA00C3287D /* Sources */,
				A41E8DC923E208DA00C3287D /* Frameworks */,
				A41E8DCA23E208DA00C3287D /* Resources */,
				BDEB1AD24B54AFB1F6023874 /* [CP] Embed Pods Frameworks */,
			);
			buildRules = (
			);
			dependencies = (
			);
			name = BreakPoint;
			productName = BreakPoint;
			productReference = A41E8DCC23E208DA00C3287D /* BreakPoint.app */;
			productType = "com.apple.product-type.application";
		};
/* End PBXNativeTarget section */

/* Begin PBXProject section */
		A41E8DC423E208D900C3287D /* Project object */ = {
			isa = PBXProject;
			attributes = {
				LastSwiftUpdateCheck = 1130;
				LastUpgradeCheck = 1130;
				ORGANIZATIONNAME = "Juan Luque";
				TargetAttributes = {
					A41E8DCB23E208DA00C3287D = {
						CreatedOnToolsVersion = 11.3.1;
					};
				};
			};
			buildConfigurationList = A41E8DC723E208D900C3287D /* Build configuration list for PBXProject "BreakPoint" */;
			compatibilityVersion = "Xcode 9.3";
			developmentRegion = en;
			hasScannedForEncodings = 0;
			knownRegions = (
				en,
				Base,
			);
			mainGroup = A41E8DC323E208D900C3287D;
			productRefGroup = A41E8DCD23E208DA00C3287D /* Products */;
			projectDirPath = "";
			projectRoot = "";
			targets = (
				A41E8DCB23E208DA00C3287D /* BreakPoint */,
			);
		};
/* End PBXProject section */

/* Begin PBXResourcesBuildPhase section */
		A41E8DCA23E208DA00C3287D /* Resources */ = {
			isa = PBXResourcesBuildPhase;
			buildActionMask = 2147483647;
			files = (
				A41E8DDE23E208E000C3287D /* LaunchScreen.storyboard in Resources */,
				A41E8DEB23E20BE900C3287D /* GoogleService-Info.plist in Resources */,
				A41E8DDB23E208E000C3287D /* Assets.xcassets in Resources */,
				A41E8DD923E208DA00C3287D /* Main.storyboard in Resources */,
			);
			runOnlyForDeploymentPostprocessing = 0;
		};
/* End PBXResourcesBuildPhase section */

/* Begin PBXShellScriptBuildPhase section */
		BDEB1AD24B54AFB1F6023874 /* [CP] Embed Pods Frameworks */ = {
			isa = PBXShellScriptBuildPhase;
			buildActionMask = 2147483647;
			files = (
			);
			inputFileListPaths = (
				"${PODS_ROOT}/Target Support Files/Pods-BreakPoint/Pods-BreakPoint-frameworks-${CONFIGURATION}-input-files.xcfilelist",
			);
			name = "[CP] Embed Pods Frameworks";
			outputFileListPaths = (
				"${PODS_ROOT}/Target Support Files/Pods-BreakPoint/Pods-BreakPoint-frameworks-${CONFIGURATION}-output-files.xcfilelist",
			);
			runOnlyForDeploymentPostprocessing = 0;
			shellPath = /bin/sh;
			shellScript = "\"${PODS_ROOT}/Target Support Files/Pods-BreakPoint/Pods-BreakPoint-frameworks.sh\"\n";
			showEnvVarsInLog = 0;
		};
		E31715FF84EB0C815EA00F00 /* [CP] Check Pods Manifest.lock */ = {
			isa = PBXShellScriptBuildPhase;
			buildActionMask = 2147483647;
			files = (
			);
			inputFileListPaths = (
			);
			inputPaths = (
				"${PODS_PODFILE_DIR_PATH}/Podfile.lock",
				"${PODS_ROOT}/Manifest.lock",
			);
			name = "[CP] Check Pods Manifest.lock";
			outputFileListPaths = (
			);
			outputPaths = (
				"$(DERIVED_FILE_DIR)/Pods-BreakPoint-checkManifestLockResult.txt",
			);
			runOnlyForDeploymentPostprocessing = 0;
			shellPath = /bin/sh;
			shellScript = "diff \"${PODS_PODFILE_DIR_PATH}/Podfile.lock\" \"${PODS_ROOT}/Manifest.lock\" > /dev/null\nif [ $? != 0 ] ; then\n    # print error to STDERR\n    echo \"error: The sandbox is not in sync with the Podfile.lock. Run 'pod install' or update your CocoaPods installation.\" >&2\n    exit 1\nfi\n# This output is used by Xcode 'outputs' to avoid re-running this script phase.\necho \"SUCCESS\" > \"${SCRIPT_OUTPUT_FILE_0}\"\n";
			showEnvVarsInLog = 0;
		};
/* End PBXShellScriptBuildPhase section */

/* Begin PBXSourcesBuildPhase section */
		A41E8DC823E208DA00C3287D /* Sources */ = {
			isa = PBXSourcesBuildPhase;
			buildActionMask = 2147483647;
			files = (
				A47EB0D623E6722A00F44399 /* UIViewExt.swift in Sources */,
				A4940F1623E38FCA009AFF74 /* ShadowView.swift in Sources */,
				A4940F1023E38C38009AFF74 /* AuthVC.swift in Sources */,
				A41E8DD623E208DA00C3287D /* GroupsVC.swift in Sources */,
				A4940F1223E38C59009AFF74 /* LoginVC.swift in Sources */,
				A4940F1423E38C95009AFF74 /* InsetTextField.swift in Sources */,
				A41E8DD423E208DA00C3287D /* FeedVC.swift in Sources */,
				A47EB0D823E85BC000F44399 /* FeedCell.swift in Sources */,
				A41E8DD023E208DA00C3287D /* AppDelegate.swift in Sources */,
				A47EB0D023E5CE3D00F44399 /* MeVC.swift in Sources */,
				A47EB0DD23E8A5EC00F44399 /* MessageReload.swift in Sources */,
				A47EB0D223E5D78D00F44399 /* CreatePostVC.swift in Sources */,
				A47EB0CE23E46A5C00F44399 /* AuthService.swift in Sources */,
				A47EB0DA23E85CE300F44399 /* Message.swift in Sources */,
				A44C6DBD23EB007600CB6166 /* UserCell.swift in Sources */,
				A41E8DD223E208DA00C3287D /* SceneDelegate.swift in Sources */,
				A41E8DED23E217F000C3287D /* DataService.swift in Sources */,
				A47EB0F423E9B2F700F44399 /* CreateGroupsVC.swift in Sources */,
			);
			runOnlyForDeploymentPostprocessing = 0;
		};
/* End PBXSourcesBuildPhase section */

/* Begin PBXVariantGroup section */
		A41E8DD723E208DA00C3287D /* Main.storyboard */ = {
			isa = PBXVariantGroup;
			children = (
				A41E8DD823E208DA00C3287D /* Base */,
			);
			name = Main.storyboard;
			sourceTree = "<group>";
		};
		A41E8DDC23E208E000C3287D /* LaunchScreen.storyboard */ = {
			isa = PBXVariantGroup;
			children = (
				A41E8DDD23E208E000C3287D /* Base */,
			);
			name = LaunchScreen.storyboard;
			sourceTree = "<group>";
		};
/* End PBXVariantGroup section */

/* Begin XCBuildConfiguration section */
		A41E8DE023E208E000C3287D /* Debug */ = {
			isa = XCBuildConfiguration;
			buildSettings = {
				ALWAYS_SEARCH_USER_PATHS = NO;
				CLANG_ANALYZER_NONNULL = YES;
				CLANG_ANALYZER_NUMBER_OBJECT_CONVERSION = YES_AGGRESSIVE;
				CLANG_CXX_LANGUAGE_STANDARD = "gnu++14";
				CLANG_CXX_LIBRARY = "libc++";
				CLANG_ENABLE_MODULES = YES;
				CLANG_ENABLE_OBJC_ARC = YES;
				CLANG_ENABLE_OBJC_WEAK = YES;
				CLANG_WARN_BLOCK_CAPTURE_AUTORELEASING = YES;
				CLANG_WARN_BOOL_CONVERSION = YES;
				CLANG_WARN_COMMA = YES;
				CLANG_WARN_CONSTANT_CONVERSION = YES;
				CLANG_WARN_DEPRECATED_OBJC_IMPLEMENTATIONS = YES;
				CLANG_WARN_DIRECT_OBJC_ISA_USAGE = YES_ERROR;
				CLANG_WARN_DOCUMENTATION_COMMENTS = YES;
				CLANG_WARN_EMPTY_BODY = YES;
				CLANG_WARN_ENUM_CONVERSION = YES;
				CLANG_WARN_INFINITE_RECURSION = YES;
				CLANG_WARN_INT_CONVERSION = YES;
				CLANG_WARN_NON_LITERAL_NULL_CONVERSION = YES;
				CLANG_WARN_OBJC_IMPLICIT_RETAIN_SELF = YES;
				CLANG_WARN_OBJC_LITERAL_CONVERSION = YES;
				CLANG_WARN_OBJC_ROOT_CLASS = YES_ERROR;
				CLANG_WARN_RANGE_LOOP_ANALYSIS = YES;
				CLANG_WARN_STRICT_PROTOTYPES = YES;
				CLANG_WARN_SUSPICIOUS_MOVE = YES;
				CLANG_WARN_UNGUARDED_AVAILABILITY = YES_AGGRESSIVE;
				CLANG_WARN_UNREACHABLE_CODE = YES;
				CLANG_WARN__DUPLICATE_METHOD_MATCH = YES;
				COPY_PHASE_STRIP = NO;
				DEBUG_INFORMATION_FORMAT = dwarf;
				ENABLE_STRICT_OBJC_MSGSEND = YES;
				ENABLE_TESTABILITY = YES;
				GCC_C_LANGUAGE_STANDARD = gnu11;
				GCC_DYNAMIC_NO_PIC = NO;
				GCC_NO_COMMON_BLOCKS = YES;
				GCC_OPTIMIZATION_LEVEL = 0;
				GCC_PREPROCESSOR_DEFINITIONS = (
					"DEBUG=1",
					"$(inherited)",
				);
				GCC_WARN_64_TO_32_BIT_CONVERSION = YES;
				GCC_WARN_ABOUT_RETURN_TYPE = YES_ERROR;
				GCC_WARN_UNDECLARED_SELECTOR = YES;
				GCC_WARN_UNINITIALIZED_AUTOS = YES_AGGRESSIVE;
				GCC_WARN_UNUSED_FUNCTION = YES;
				GCC_WARN_UNUSED_VARIABLE = YES;
				IPHONEOS_DEPLOYMENT_TARGET = 13.2;
				MTL_ENABLE_DEBUG_INFO = INCLUDE_SOURCE;
				MTL_FAST_MATH = YES;
				ONLY_ACTIVE_ARCH = YES;
				SDKROOT = iphoneos;
				SWIFT_ACTIVE_COMPILATION_CONDITIONS = DEBUG;
				SWIFT_OPTIMIZATION_LEVEL = "-Onone";
			};
			name = Debug;
		};
		A41E8DE123E208E000C3287D /* Release */ = {
			isa = XCBuildConfiguration;
			buildSettings = {
				ALWAYS_SEARCH_USER_PATHS = NO;
				CLANG_ANALYZER_NONNULL = YES;
				CLANG_ANALYZER_NUMBER_OBJECT_CONVERSION = YES_AGGRESSIVE;
				CLANG_CXX_LANGUAGE_STANDARD = "gnu++14";
				CLANG_CXX_LIBRARY = "libc++";
				CLANG_ENABLE_MODULES = YES;
				CLANG_ENABLE_OBJC_ARC = YES;
				CLANG_ENABLE_OBJC_WEAK = YES;
				CLANG_WARN_BLOCK_CAPTURE_AUTORELEASING = YES;
				CLANG_WARN_BOOL_CONVERSION = YES;
				CLANG_WARN_COMMA = YES;
				CLANG_WARN_CONSTANT_CONVERSION = YES;
				CLANG_WARN_DEPRECATED_OBJC_IMPLEMENTATIONS = YES;
				CLANG_WARN_DIRECT_OBJC_ISA_USAGE = YES_ERROR;
				CLANG_WARN_DOCUMENTATION_COMMENTS = YES;
				CLANG_WARN_EMPTY_BODY = YES;
				CLANG_WARN_ENUM_CONVERSION = YES;
				CLANG_WARN_INFINITE_RECURSION = YES;
				CLANG_WARN_INT_CONVERSION = YES;
				CLANG_WARN_NON_LITERAL_NULL_CONVERSION = YES;
				CLANG_WARN_OBJC_IMPLICIT_RETAIN_SELF = YES;
				CLANG_WARN_OBJC_LITERAL_CONVERSION = YES;
				CLANG_WARN_OBJC_ROOT_CLASS = YES_ERROR;
				CLANG_WARN_RANGE_LOOP_ANALYSIS = YES;
				CLANG_WARN_STRICT_PROTOTYPES = YES;
				CLANG_WARN_SUSPICIOUS_MOVE = YES;
				CLANG_WARN_UNGUARDED_AVAILABILITY = YES_AGGRESSIVE;
				CLANG_WARN_UNREACHABLE_CODE = YES;
				CLANG_WARN__DUPLICATE_METHOD_MATCH = YES;
				COPY_PHASE_STRIP = NO;
				DEBUG_INFORMATION_FORMAT = "dwarf-with-dsym";
				ENABLE_NS_ASSERTIONS = NO;
				ENABLE_STRICT_OBJC_MSGSEND = YES;
				GCC_C_LANGUAGE_STANDARD = gnu11;
				GCC_NO_COMMON_BLOCKS = YES;
				GCC_WARN_64_TO_32_BIT_CONVERSION = YES;
				GCC_WARN_ABOUT_RETURN_TYPE = YES_ERROR;
				GCC_WARN_UNDECLARED_SELECTOR = YES;
				GCC_WARN_UNINITIALIZED_AUTOS = YES_AGGRESSIVE;
				GCC_WARN_UNUSED_FUNCTION = YES;
				GCC_WARN_UNUSED_VARIABLE = YES;
				IPHONEOS_DEPLOYMENT_TARGET = 13.2;
				MTL_ENABLE_DEBUG_INFO = NO;
				MTL_FAST_MATH = YES;
				SDKROOT = iphoneos;
				SWIFT_COMPILATION_MODE = wholemodule;
				SWIFT_OPTIMIZATION_LEVEL = "-O";
				VALIDATE_PRODUCT = YES;
			};
			name = Release;
		};
		A41E8DE323E208E000C3287D /* Debug */ = {
			isa = XCBuildConfiguration;
			baseConfigurationReference = 9DECEF3AADD33AA2B3CC7FAC /* Pods-BreakPoint.debug.xcconfig */;
			buildSettings = {
				ASSETCATALOG_COMPILER_APPICON_NAME = AppIcon;
				CODE_SIGN_STYLE = Automatic;
				DEVELOPMENT_TEAM = X25CAQ67TT;
				INFOPLIST_FILE = BreakPoint/Info.plist;
				LD_RUNPATH_SEARCH_PATHS = (
					"$(inherited)",
					"@executable_path/Frameworks",
				);
				PRODUCT_BUNDLE_IDENTIFIER = com.just.jukess.BreakPoint;
				PRODUCT_NAME = "$(TARGET_NAME)";
				SWIFT_VERSION = 5.0;
				TARGETED_DEVICE_FAMILY = "1,2";
			};
			name = Debug;
		};
		A41E8DE423E208E000C3287D /* Release */ = {
			isa = XCBuildConfiguration;
			baseConfigurationReference = 048F5F1373EAF2AD692314B8 /* Pods-BreakPoint.release.xcconfig */;
			buildSettings = {
				ASSETCATALOG_COMPILER_APPICON_NAME = AppIcon;
				CODE_SIGN_STYLE = Automatic;
				DEVELOPMENT_TEAM = X25CAQ67TT;
				INFOPLIST_FILE = BreakPoint/Info.plist;
				LD_RUNPATH_SEARCH_PATHS = (
					"$(inherited)",
					"@executable_path/Frameworks",
				);
				PRODUCT_BUNDLE_IDENTIFIER = com.just.jukess.BreakPoint;
				PRODUCT_NAME = "$(TARGET_NAME)";
				SWIFT_VERSION = 5.0;
				TARGETED_DEVICE_FAMILY = "1,2";
			};
			name = Release;
		};
/* End XCBuildConfiguration section */

/* Begin XCConfigurationList section */
		A41E8DC723E208D900C3287D /* Build configuration list for PBXProject "BreakPoint" */ = {
			isa = XCConfigurationList;
			buildConfigurations = (
				A41E8DE023E208E000C3287D /* Debug */,
				A41E8DE123E208E000C3287D /* Release */,
			);
			defaultConfigurationIsVisible = 0;
			defaultConfigurationName = Release;
		};
		A41E8DE223E208E000C3287D /* Build configuration list for PBXNativeTarget "BreakPoint" */ = {
			isa = XCConfigurationList;
			buildConfigurations = (
				A41E8DE323E208E000C3287D /* Debug */,
				A41E8DE423E208E000C3287D /* Release */,
			);
			defaultConfigurationIsVisible = 0;
			defaultConfigurationName = Release;
		};
/* End XCConfigurationList section */
	};
	rootObject = A41E8DC423E208D900C3287D /* Project object */;
}
